// !$*UTF8*$!
{
	archiveVersion = 1;
	classes = {
	};
	objectVersion = 46;
	objects = {

/* Begin PBXBuildFile section */
		1D3623260D0F684500981E51 /* MobileVLCAppDelegate.m in Sources */ = {isa = PBXBuildFile; fileRef = 1D3623250D0F684500981E51 /* MobileVLCAppDelegate.m */; };
		1D60589B0D05DD56006BFB54 /* main.m in Sources */ = {isa = PBXBuildFile; fileRef = 29B97316FDCFA39411CA2CEA /* main.m */; };
		1D60589F0D05DD5A006BFB54 /* Foundation.framework in Frameworks */ = {isa = PBXBuildFile; fileRef = 1D30AB110D05D00D00671497 /* Foundation.framework */; };
		1DF5F4E00D08C38300B7A737 /* UIKit.framework in Frameworks */ = {isa = PBXBuildFile; fileRef = 1DF5F4DF0D08C38300B7A737 /* UIKit.framework */; };
		2892E4100DC94CBA00A64D0F /* CoreGraphics.framework in Frameworks */ = {isa = PBXBuildFile; fileRef = 2892E40F0DC94CBA00A64D0F /* CoreGraphics.framework */; };
		7A5ECA1911DE782F00F66AF3 /* OpenGLES.framework in Frameworks */ = {isa = PBXBuildFile; fileRef = 7A5ECA1811DE782F00F66AF3 /* OpenGLES.framework */; };
		7A5ECA1D11DE783500F66AF3 /* AudioToolbox.framework in Frameworks */ = {isa = PBXBuildFile; fileRef = 7A5ECA1C11DE783500F66AF3 /* AudioToolbox.framework */; };
		7A5ECA2111DE783F00F66AF3 /* QuartzCore.framework in Frameworks */ = {isa = PBXBuildFile; fileRef = 7A5ECA2011DE783F00F66AF3 /* QuartzCore.framework */; };
		7A5ECA2511DE784D00F66AF3 /* libiconv.dylib in Frameworks */ = {isa = PBXBuildFile; fileRef = 7A5ECA2411DE784D00F66AF3 /* libiconv.dylib */; };
		7A5ECB8011DE96CB00F66AF3 /* libMobileVLCKit.a in Frameworks */ = {isa = PBXBuildFile; fileRef = 7A5ECB7F11DE96C400F66AF3 /* libMobileVLCKit.a */; };
		7A5ECBC011DE994500F66AF3 /* libz.dylib in Frameworks */ = {isa = PBXBuildFile; fileRef = 7A5ECBBF11DE994500F66AF3 /* libz.dylib */; };
		7A5ECC1511DE9C6900F66AF3 /* libsqlite3.dylib in Frameworks */ = {isa = PBXBuildFile; fileRef = 7A5ECC1411DE9C6900F66AF3 /* libsqlite3.dylib */; };
		7A87ECAC11E3A1DD007BE827 /* MVLCMainWindow.xib in Resources */ = {isa = PBXBuildFile; fileRef = 7A87ECAB11E3A1DD007BE827 /* MVLCMainWindow.xib */; };
		7A87ECD611E3A33E007BE827 /* MVLCMovieViewController.m in Sources */ = {isa = PBXBuildFile; fileRef = 7A87ECD511E3A33E007BE827 /* MVLCMovieViewController.m */; };
		7A87ECDA11E3A356007BE827 /* MVLCMovieView.xib in Resources */ = {isa = PBXBuildFile; fileRef = 7A87ECD911E3A356007BE827 /* MVLCMovieView.xib */; };
		7AB2BD5311E48A81002E543F /* MVLCMovieViewHUDBackground.png in Resources */ = {isa = PBXBuildFile; fileRef = 7AB2BD4F11E48A81002E543F /* MVLCMovieViewHUDBackground.png */; };
		7AB2BD5411E48A81002E543F /* MVLCMovieViewHUDFastForward.png in Resources */ = {isa = PBXBuildFile; fileRef = 7AB2BD5011E48A81002E543F /* MVLCMovieViewHUDFastForward.png */; };
		7AB2BD5511E48A81002E543F /* MVLCMovieViewHUDPlay.png in Resources */ = {isa = PBXBuildFile; fileRef = 7AB2BD5111E48A81002E543F /* MVLCMovieViewHUDPlay.png */; };
		7AB2BD5611E48A81002E543F /* MVLCMovieViewHUDRewind.png in Resources */ = {isa = PBXBuildFile; fileRef = 7AB2BD5211E48A81002E543F /* MVLCMovieViewHUDRewind.png */; };
		7AB2BD6B11E48D80002E543F /* MVLCMovieViewHUDPause.png in Resources */ = {isa = PBXBuildFile; fileRef = 7AB2BD6A11E48D80002E543F /* MVLCMovieViewHUDPause.png */; };
/* End PBXBuildFile section */

/* Begin PBXFileReference section */
		1D30AB110D05D00D00671497 /* Foundation.framework */ = {isa = PBXFileReference; lastKnownFileType = wrapper.framework; name = Foundation.framework; path = System/Library/Frameworks/Foundation.framework; sourceTree = SDKROOT; };
		1D3623240D0F684500981E51 /* MobileVLCAppDelegate.h */ = {isa = PBXFileReference; fileEncoding = 4; lastKnownFileType = sourcecode.c.h; path = MobileVLCAppDelegate.h; sourceTree = "<group>"; };
		1D3623250D0F684500981E51 /* MobileVLCAppDelegate.m */ = {isa = PBXFileReference; fileEncoding = 4; lastKnownFileType = sourcecode.c.objc; path = MobileVLCAppDelegate.m; sourceTree = "<group>"; };
		1D6058910D05DD3D006BFB54 /* MobileVLC.app */ = {isa = PBXFileReference; explicitFileType = wrapper.application; includeInIndex = 0; path = MobileVLC.app; sourceTree = BUILT_PRODUCTS_DIR; };
		1DF5F4DF0D08C38300B7A737 /* UIKit.framework */ = {isa = PBXFileReference; lastKnownFileType = wrapper.framework; name = UIKit.framework; path = System/Library/Frameworks/UIKit.framework; sourceTree = SDKROOT; };
		2892E40F0DC94CBA00A64D0F /* CoreGraphics.framework */ = {isa = PBXFileReference; lastKnownFileType = wrapper.framework; name = CoreGraphics.framework; path = System/Library/Frameworks/CoreGraphics.framework; sourceTree = SDKROOT; };
		28A0AAE50D9B0CCF005BE974 /* MobileVLC_Prefix.pch */ = {isa = PBXFileReference; fileEncoding = 4; lastKnownFileType = sourcecode.c.h; path = MobileVLC_Prefix.pch; sourceTree = "<group>"; };
		29B97316FDCFA39411CA2CEA /* main.m */ = {isa = PBXFileReference; fileEncoding = 4; lastKnownFileType = sourcecode.c.objc; path = main.m; sourceTree = "<group>"; };
		7A5ECA1811DE782F00F66AF3 /* OpenGLES.framework */ = {isa = PBXFileReference; lastKnownFileType = wrapper.framework; name = OpenGLES.framework; path = System/Library/Frameworks/OpenGLES.framework; sourceTree = SDKROOT; };
		7A5ECA1C11DE783500F66AF3 /* AudioToolbox.framework */ = {isa = PBXFileReference; lastKnownFileType = wrapper.framework; name = AudioToolbox.framework; path = System/Library/Frameworks/AudioToolbox.framework; sourceTree = SDKROOT; };
		7A5ECA2011DE783F00F66AF3 /* QuartzCore.framework */ = {isa = PBXFileReference; lastKnownFileType = wrapper.framework; name = QuartzCore.framework; path = System/Library/Frameworks/QuartzCore.framework; sourceTree = SDKROOT; };
		7A5ECA2411DE784D00F66AF3 /* libiconv.dylib */ = {isa = PBXFileReference; lastKnownFileType = "compiled.mach-o.dylib"; name = libiconv.dylib; path = usr/lib/libiconv.dylib; sourceTree = SDKROOT; };
		7A5ECB7F11DE96C400F66AF3 /* libMobileVLCKit.a */ = {isa = PBXFileReference; lastKnownFileType = archive.ar; path = libMobileVLCKit.a; sourceTree = "<group>"; };
		7A5ECB9511DE973100F66AF3 /* VLCAudio.h */ = {isa = PBXFileReference; fileEncoding = 4; lastKnownFileType = sourcecode.c.h; path = VLCAudio.h; sourceTree = "<group>"; };
		7A5ECB9611DE973100F66AF3 /* VLCLibrary.h */ = {isa = PBXFileReference; fileEncoding = 4; lastKnownFileType = sourcecode.c.h; path = VLCLibrary.h; sourceTree = "<group>"; };
		7A5ECB9711DE973100F66AF3 /* VLCMedia.h */ = {isa = PBXFileReference; fileEncoding = 4; lastKnownFileType = sourcecode.c.h; path = VLCMedia.h; sourceTree = "<group>"; };
		7A5ECB9811DE973100F66AF3 /* VLCMediaList.h */ = {isa = PBXFileReference; fileEncoding = 4; lastKnownFileType = sourcecode.c.h; path = VLCMediaList.h; sourceTree = "<group>"; };
		7A5ECB9911DE973100F66AF3 /* VLCMediaPlayer.h */ = {isa = PBXFileReference; fileEncoding = 4; lastKnownFileType = sourcecode.c.h; path = VLCMediaPlayer.h; sourceTree = "<group>"; };
		7A5ECB9A11DE973100F66AF3 /* VLCTime.h */ = {isa = PBXFileReference; fileEncoding = 4; lastKnownFileType = sourcecode.c.h; path = VLCTime.h; sourceTree = "<group>"; };
		7A5ECBA211DE977A00F66AF3 /* MobileVLCKit.h */ = {isa = PBXFileReference; fileEncoding = 4; lastKnownFileType = sourcecode.c.h; path = MobileVLCKit.h; sourceTree = "<group>"; };
		7A5ECBBF11DE994500F66AF3 /* libz.dylib */ = {isa = PBXFileReference; lastKnownFileType = "compiled.mach-o.dylib"; name = libz.dylib; path = usr/lib/libz.dylib; sourceTree = SDKROOT; };
		7A5ECC1411DE9C6900F66AF3 /* libsqlite3.dylib */ = {isa = PBXFileReference; lastKnownFileType = "compiled.mach-o.dylib"; name = libsqlite3.dylib; path = usr/lib/libsqlite3.dylib; sourceTree = SDKROOT; };
		7A87ECAB11E3A1DD007BE827 /* MVLCMainWindow.xib */ = {isa = PBXFileReference; lastKnownFileType = file.xib; name = MVLCMainWindow.xib; path = Resources/MVLCMainWindow.xib; sourceTree = "<group>"; };
		7A87ECD411E3A33E007BE827 /* MVLCMovieViewController.h */ = {isa = PBXFileReference; fileEncoding = 4; lastKnownFileType = sourcecode.c.h; path = MVLCMovieViewController.h; sourceTree = "<group>"; };
		7A87ECD511E3A33E007BE827 /* MVLCMovieViewController.m */ = {isa = PBXFileReference; fileEncoding = 4; lastKnownFileType = sourcecode.c.objc; path = MVLCMovieViewController.m; sourceTree = "<group>"; };
		7A87ECD911E3A356007BE827 /* MVLCMovieView.xib */ = {isa = PBXFileReference; lastKnownFileType = file.xib; name = MVLCMovieView.xib; path = Resources/MVLCMovieView.xib; sourceTree = "<group>"; };
		7AB2BD4F11E48A81002E543F /* MVLCMovieViewHUDBackground.png */ = {isa = PBXFileReference; lastKnownFileType = image.png; name = MVLCMovieViewHUDBackground.png; path = Resources/MVLCMovieViewHUDBackground.png; sourceTree = "<group>"; };
		7AB2BD5011E48A81002E543F /* MVLCMovieViewHUDFastForward.png */ = {isa = PBXFileReference; lastKnownFileType = image.png; name = MVLCMovieViewHUDFastForward.png; path = Resources/MVLCMovieViewHUDFastForward.png; sourceTree = "<group>"; };
		7AB2BD5111E48A81002E543F /* MVLCMovieViewHUDPlay.png */ = {isa = PBXFileReference; lastKnownFileType = image.png; name = MVLCMovieViewHUDPlay.png; path = Resources/MVLCMovieViewHUDPlay.png; sourceTree = "<group>"; };
		7AB2BD5211E48A81002E543F /* MVLCMovieViewHUDRewind.png */ = {isa = PBXFileReference; lastKnownFileType = image.png; name = MVLCMovieViewHUDRewind.png; path = Resources/MVLCMovieViewHUDRewind.png; sourceTree = "<group>"; };
		7AB2BD6A11E48D80002E543F /* MVLCMovieViewHUDPause.png */ = {isa = PBXFileReference; lastKnownFileType = image.png; name = MVLCMovieViewHUDPause.png; path = Resources/MVLCMovieViewHUDPause.png; sourceTree = "<group>"; };
		8D1107310486CEB800E47090 /* MobileVLC-Info.plist */ = {isa = PBXFileReference; fileEncoding = 4; lastKnownFileType = text.plist.xml; path = "MobileVLC-Info.plist"; plistStructureDefinitionIdentifier = "com.apple.xcode.plist.structure-definition.iphone.info-plist"; sourceTree = "<group>"; };
/* End PBXFileReference section */

/* Begin PBXFrameworksBuildPhase section */
		1D60588F0D05DD3D006BFB54 /* Frameworks */ = {
			isa = PBXFrameworksBuildPhase;
			buildActionMask = 2147483647;
			files = (
				7A5ECB8011DE96CB00F66AF3 /* libMobileVLCKit.a in Frameworks */,
				1D60589F0D05DD5A006BFB54 /* Foundation.framework in Frameworks */,
				1DF5F4E00D08C38300B7A737 /* UIKit.framework in Frameworks */,
				2892E4100DC94CBA00A64D0F /* CoreGraphics.framework in Frameworks */,
				7A5ECA1911DE782F00F66AF3 /* OpenGLES.framework in Frameworks */,
				7A5ECA1D11DE783500F66AF3 /* AudioToolbox.framework in Frameworks */,
				7A5ECA2111DE783F00F66AF3 /* QuartzCore.framework in Frameworks */,
				7A5ECA2511DE784D00F66AF3 /* libiconv.dylib in Frameworks */,
				7A5ECBC011DE994500F66AF3 /* libz.dylib in Frameworks */,
				7A5ECC1511DE9C6900F66AF3 /* libsqlite3.dylib in Frameworks */,
			);
			runOnlyForDeploymentPostprocessing = 0;
		};
/* End PBXFrameworksBuildPhase section */

/* Begin PBXGroup section */
		080E96DDFE201D6D7F000001 /* Classes */ = {
			isa = PBXGroup;
			children = (
				7A3453A011E5FD9C00A141F2 /* Model */,
				7A3453A111E5FDA200A141F2 /* View */,
				7A3453A211E5FDA600A141F2 /* Controller */,
				1D3623240D0F684500981E51 /* MobileVLCAppDelegate.h */,
				1D3623250D0F684500981E51 /* MobileVLCAppDelegate.m */,
			);
			path = Classes;
			sourceTree = "<group>";
		};
		19C28FACFE9D520D11CA2CBB /* Products */ = {
			isa = PBXGroup;
			children = (
				1D6058910D05DD3D006BFB54 /* MobileVLC.app */,
			);
			name = Products;
			sourceTree = "<group>";
		};
		29B97314FDCFA39411CA2CEA /* CustomTemplate */ = {
			isa = PBXGroup;
			children = (
				080E96DDFE201D6D7F000001 /* Classes */,
				29B97315FDCFA39411CA2CEA /* Other Sources */,
				7A5ECB7611DE96C400F66AF3 /* External */,
				29B97317FDCFA39411CA2CEA /* Resources */,
				29B97323FDCFA39411CA2CEA /* Frameworks */,
				19C28FACFE9D520D11CA2CBB /* Products */,
				7A5ECBBF11DE994500F66AF3 /* libz.dylib */,
				7A5ECC1411DE9C6900F66AF3 /* libsqlite3.dylib */,
			);
			name = CustomTemplate;
			sourceTree = "<group>";
		};
		29B97315FDCFA39411CA2CEA /* Other Sources */ = {
			isa = PBXGroup;
			children = (
				28A0AAE50D9B0CCF005BE974 /* MobileVLC_Prefix.pch */,
				29B97316FDCFA39411CA2CEA /* main.m */,
			);
			name = "Other Sources";
			sourceTree = "<group>";
		};
		29B97317FDCFA39411CA2CEA /* Resources */ = {
			isa = PBXGroup;
			children = (
				7AB2BD4C11E489A0002E543F /* XIB */,
				7AB2BD4D11E489A6002E543F /* Pictures */,
				8D1107310486CEB800E47090 /* MobileVLC-Info.plist */,
			);
			name = Resources;
			sourceTree = "<group>";
		};
		29B97323FDCFA39411CA2CEA /* Frameworks */ = {
			isa = PBXGroup;
			children = (
				1DF5F4DF0D08C38300B7A737 /* UIKit.framework */,
				1D30AB110D05D00D00671497 /* Foundation.framework */,
				2892E40F0DC94CBA00A64D0F /* CoreGraphics.framework */,
				7A5ECA1811DE782F00F66AF3 /* OpenGLES.framework */,
				7A5ECA1C11DE783500F66AF3 /* AudioToolbox.framework */,
				7A5ECA2011DE783F00F66AF3 /* QuartzCore.framework */,
				7A5ECA2411DE784D00F66AF3 /* libiconv.dylib */,
			);
			name = Frameworks;
			sourceTree = "<group>";
		};
		7A3453A011E5FD9C00A141F2 /* Model */ = {
			isa = PBXGroup;
			children = (
			);
			name = Model;
			sourceTree = "<group>";
		};
		7A3453A111E5FDA200A141F2 /* View */ = {
			isa = PBXGroup;
			children = (
			);
			name = View;
			sourceTree = "<group>";
		};
		7A3453A211E5FDA600A141F2 /* Controller */ = {
			isa = PBXGroup;
			children = (
				7A87ECD411E3A33E007BE827 /* MVLCMovieViewController.h */,
				7A87ECD511E3A33E007BE827 /* MVLCMovieViewController.m */,
			);
			name = Controller;
			sourceTree = "<group>";
		};
		7A5ECB7611DE96C400F66AF3 /* External */ = {
			isa = PBXGroup;
			children = (
				7A5ECB7711DE96C400F66AF3 /* MobileVLCKit */,
			);
			path = External;
			sourceTree = "<group>";
		};
		7A5ECB7711DE96C400F66AF3 /* MobileVLCKit */ = {
			isa = PBXGroup;
			children = (
				7A5ECB9311DE973100F66AF3 /* include */,
				7A5ECB7F11DE96C400F66AF3 /* libMobileVLCKit.a */,
			);
			path = MobileVLCKit;
			sourceTree = "<group>";
		};
		7A5ECB9311DE973100F66AF3 /* include */ = {
			isa = PBXGroup;
			children = (
				7A5ECB9411DE973100F66AF3 /* MobileVLCKit */,
			);
			path = include;
			sourceTree = "<group>";
		};
		7A5ECB9411DE973100F66AF3 /* MobileVLCKit */ = {
			isa = PBXGroup;
			children = (
				7A5ECBA211DE977A00F66AF3 /* MobileVLCKit.h */,
				7A5ECB9511DE973100F66AF3 /* VLCAudio.h */,
				7A5ECB9611DE973100F66AF3 /* VLCLibrary.h */,
				7A5ECB9711DE973100F66AF3 /* VLCMedia.h */,
				7A5ECB9811DE973100F66AF3 /* VLCMediaList.h */,
				7A5ECB9911DE973100F66AF3 /* VLCMediaPlayer.h */,
				7A5ECB9A11DE973100F66AF3 /* VLCTime.h */,
			);
			path = MobileVLCKit;
			sourceTree = "<group>";
		};
		7AB2BD4C11E489A0002E543F /* XIB */ = {
			isa = PBXGroup;
			children = (
				7A87ECAB11E3A1DD007BE827 /* MVLCMainWindow.xib */,
				7A87ECD911E3A356007BE827 /* MVLCMovieView.xib */,
			);
			name = XIB;
			sourceTree = "<group>";
		};
		7AB2BD4D11E489A6002E543F /* Pictures */ = {
			isa = PBXGroup;
			children = (
				7AB2BD5211E48A81002E543F /* MVLCMovieViewHUDRewind.png */,
				7AB2BD5111E48A81002E543F /* MVLCMovieViewHUDPlay.png */,
				7AB2BD6A11E48D80002E543F /* MVLCMovieViewHUDPause.png */,
				7AB2BD5011E48A81002E543F /* MVLCMovieViewHUDFastForward.png */,
				7AB2BD4F11E48A81002E543F /* MVLCMovieViewHUDBackground.png */,
			);
			name = Pictures;
			sourceTree = "<group>";
		};
/* End PBXGroup section */

/* Begin PBXNativeTarget section */
		1D6058900D05DD3D006BFB54 /* MobileVLC */ = {
			isa = PBXNativeTarget;
			buildConfigurationList = 1D6058960D05DD3E006BFB54 /* Build configuration list for PBXNativeTarget "MobileVLC" */;
			buildPhases = (
				1D60588D0D05DD3D006BFB54 /* Resources */,
				1D60588E0D05DD3D006BFB54 /* Sources */,
				1D60588F0D05DD3D006BFB54 /* Frameworks */,
			);
			buildRules = (
			);
			dependencies = (
			);
			name = MobileVLC;
			productName = MobileVLC;
			productReference = 1D6058910D05DD3D006BFB54 /* MobileVLC.app */;
			productType = "com.apple.product-type.application";
		};
/* End PBXNativeTarget section */

/* Begin PBXProject section */
		29B97313FDCFA39411CA2CEA /* Project object */ = {
			isa = PBXProject;
			buildConfigurationList = C01FCF4E08A954540054247B /* Build configuration list for PBXProject "MobileVLC" */;
			compatibilityVersion = "Xcode 3.2";
			hasScannedForEncodings = 1;
			knownRegions = (
				English,
				Japanese,
				French,
				German,
				en,
			);
			mainGroup = 29B97314FDCFA39411CA2CEA /* CustomTemplate */;
			projectDirPath = "";
			projectRoot = "";
			targets = (
				1D6058900D05DD3D006BFB54 /* MobileVLC */,
			);
		};
/* End PBXProject section */

/* Begin PBXResourcesBuildPhase section */
		1D60588D0D05DD3D006BFB54 /* Resources */ = {
			isa = PBXResourcesBuildPhase;
			buildActionMask = 2147483647;
			files = (
				7A87ECAC11E3A1DD007BE827 /* MVLCMainWindow.xib in Resources */,
				7A87ECDA11E3A356007BE827 /* MVLCMovieView.xib in Resources */,
				7AB2BD5311E48A81002E543F /* MVLCMovieViewHUDBackground.png in Resources */,
				7AB2BD5411E48A81002E543F /* MVLCMovieViewHUDFastForward.png in Resources */,
				7AB2BD5511E48A81002E543F /* MVLCMovieViewHUDPlay.png in Resources */,
				7AB2BD5611E48A81002E543F /* MVLCMovieViewHUDRewind.png in Resources */,
				7AB2BD6B11E48D80002E543F /* MVLCMovieViewHUDPause.png in Resources */,
			);
			runOnlyForDeploymentPostprocessing = 0;
		};
/* End PBXResourcesBuildPhase section */

/* Begin PBXSourcesBuildPhase section */
		1D60588E0D05DD3D006BFB54 /* Sources */ = {
			isa = PBXSourcesBuildPhase;
			buildActionMask = 2147483647;
			files = (
				1D60589B0D05DD56006BFB54 /* main.m in Sources */,
				1D3623260D0F684500981E51 /* MobileVLCAppDelegate.m in Sources */,
				7A87ECD611E3A33E007BE827 /* MVLCMovieViewController.m in Sources */,
			);
			runOnlyForDeploymentPostprocessing = 0;
		};
/* End PBXSourcesBuildPhase section */

/* Begin XCBuildConfiguration section */
		1D6058940D05DD3E006BFB54 /* Debug */ = {
			isa = XCBuildConfiguration;
			buildSettings = {
				ALWAYS_SEARCH_USER_PATHS = NO;
				COPY_PHASE_STRIP = NO;
				GCC_DYNAMIC_NO_PIC = NO;
				GCC_OPTIMIZATION_LEVEL = 0;
				GCC_PRECOMPILE_PREFIX_HEADER = YES;
				GCC_PREFIX_HEADER = MobileVLC_Prefix.pch;
				HEADER_SEARCH_PATHS = "$(SRCROOT)/External/MobileVLCKit/include";
				INFOPLIST_FILE = "MobileVLC-Info.plist";
				LIBRARY_SEARCH_PATHS = (
					"$(inherited)",
					"\"$(SRCROOT)/External/MobileVLCKit\"",
				);
				PRODUCT_NAME = MobileVLC;
			};
			name = Debug;
		};
		1D6058950D05DD3E006BFB54 /* Release */ = {
			isa = XCBuildConfiguration;
			buildSettings = {
				ALWAYS_SEARCH_USER_PATHS = NO;
				COPY_PHASE_STRIP = YES;
				GCC_PRECOMPILE_PREFIX_HEADER = YES;
				GCC_PREFIX_HEADER = MobileVLC_Prefix.pch;
				HEADER_SEARCH_PATHS = "$(SRCROOT)/External/MobileVLCKit/include";
				INFOPLIST_FILE = "MobileVLC-Info.plist";
				LIBRARY_SEARCH_PATHS = (
					"$(inherited)",
					"\"$(SRCROOT)/External/MobileVLCKit\"",
				);
				PRODUCT_NAME = MobileVLC;
				VALIDATE_PRODUCT = YES;
			};
			name = Release;
		};
		C01FCF4F08A954540054247B /* Debug */ = {
			isa = XCBuildConfiguration;
			buildSettings = {
				"ARCHS[sdk=iphoneos*]" = armv7;
				"ARCHS[sdk=iphonesimulator*]" = i386;
				"CODE_SIGN_IDENTITY[sdk=iphoneos*]" = "iPhone Developer";
				GCC_C_LANGUAGE_STANDARD = c99;
				GCC_WARN_ABOUT_RETURN_TYPE = YES;
				GCC_WARN_UNUSED_VARIABLE = YES;
				PREBINDING = NO;
				SDKROOT = iphoneos3.2;
				TARGETED_DEVICE_FAMILY = 2;
			};
			name = Debug;
		};
		C01FCF5008A954540054247B /* Release */ = {
			isa = XCBuildConfiguration;
			buildSettings = {
				"ARCHS[sdk=iphoneos*]" = armv7;
				"ARCHS[sdk=iphonesimulator*]" = i386;
				"CODE_SIGN_IDENTITY[sdk=iphoneos*]" = "iPhone Developer";
				GCC_C_LANGUAGE_STANDARD = c99;
				GCC_WARN_ABOUT_RETURN_TYPE = YES;
				GCC_WARN_UNUSED_VARIABLE = YES;
				OTHER_CFLAGS = "-DNS_BLOCK_ASSERTIONS=1";
				PREBINDING = NO;
				SDKROOT = iphoneos3.2;
				TARGETED_DEVICE_FAMILY = 2;
			};
			name = Release;
		};
/* End XCBuildConfiguration section */

/* Begin XCConfigurationList section */
		1D6058960D05DD3E006BFB54 /* Build configuration list for PBXNativeTarget "MobileVLC" */ = {
			isa = XCConfigurationList;
			buildConfigurations = (
				1D6058940D05DD3E006BFB54 /* Debug */,
				1D6058950D05DD3E006BFB54 /* Release */,
			);
			defaultConfigurationIsVisible = 0;
			defaultConfigurationName = Release;
		};
		C01FCF4E08A954540054247B /* Build configuration list for PBXProject "MobileVLC" */ = {
			isa = XCConfigurationList;
			buildConfigurations = (
				C01FCF4F08A954540054247B /* Debug */,
				C01FCF5008A954540054247B /* Release */,
			);
			defaultConfigurationIsVisible = 0;
			defaultConfigurationName = Release;
		};
/* End XCConfigurationList section */
	};
	rootObject = 29B97313FDCFA39411CA2CEA /* Project object */;
}
