// !$*UTF8*$!
{
	archiveVersion = 1;
	classes = {
	};
	objectVersion = 46;
	objects = {

/* Begin PBXBuildFile section */
		1D3623260D0F684500981E51 /* MobileVLCAppDelegate.m in Sources */ = {isa = PBXBuildFile; fileRef = 1D3623250D0F684500981E51 /* MobileVLCAppDelegate.m */; };
		1D60589B0D05DD56006BFB54 /* main.m in Sources */ = {isa = PBXBuildFile; fileRef = 29B97316FDCFA39411CA2CEA /* main.m */; };
		1D60589F0D05DD5A006BFB54 /* Foundation.framework in Frameworks */ = {isa = PBXBuildFile; fileRef = 1D30AB110D05D00D00671497 /* Foundation.framework */; };
		1DF5F4E00D08C38300B7A737 /* UIKit.framework in Frameworks */ = {isa = PBXBuildFile; fileRef = 1DF5F4DF0D08C38300B7A737 /* UIKit.framework */; };
		2892E4100DC94CBA00A64D0F /* CoreGraphics.framework in Frameworks */ = {isa = PBXBuildFile; fileRef = 2892E40F0DC94CBA00A64D0F /* CoreGraphics.framework */; };
		631865E511EE3CD700AB038D /* libMobileMediaLibraryKit.a in Frameworks */ = {isa = PBXBuildFile; fileRef = 631865E411EE3CD700AB038D /* libMobileMediaLibraryKit.a */; };
		631866CD11EE4D5100AB038D /* libxml2.dylib in Frameworks */ = {isa = PBXBuildFile; fileRef = 631866CC11EE4D5100AB038D /* libxml2.dylib */; };
		631866D111EE4D5B00AB038D /* CoreData.framework in Frameworks */ = {isa = PBXBuildFile; fileRef = 631866D011EE4D5B00AB038D /* CoreData.framework */; };
		6318675A11EE50B000AB038D /* MediaLibrary.xcdatamodel in Sources */ = {isa = PBXBuildFile; fileRef = 6318675911EE50B000AB038D /* MediaLibrary.xcdatamodel */; };
		636E9D8411ED3E29002FE8A9 /* libbz2.dylib in Frameworks */ = {isa = PBXBuildFile; fileRef = 636E9D8311ED3E29002FE8A9 /* libbz2.dylib */; };
		63D66B6711EFACCC00673287 /* LICENSE in Resources */ = {isa = PBXBuildFile; fileRef = 63D66B5B11EFACCC00673287 /* LICENSE */; };
		63D66B6811EFACCC00673287 /* README.md in Resources */ = {isa = PBXBuildFile; fileRef = 63D66B5C11EFACCC00673287 /* README.md */; };
		63D66B6911EFACCC00673287 /* SDImageCache.m in Sources */ = {isa = PBXBuildFile; fileRef = 63D66B5E11EFACCC00673287 /* SDImageCache.m */; };
		63D66B6A11EFACCC00673287 /* SDWebImageDownloader.m in Sources */ = {isa = PBXBuildFile; fileRef = 63D66B6011EFACCC00673287 /* SDWebImageDownloader.m */; };
		63D66B6B11EFACCC00673287 /* SDWebImageManager.m in Sources */ = {isa = PBXBuildFile; fileRef = 63D66B6311EFACCC00673287 /* SDWebImageManager.m */; };
		63D66B6C11EFACCC00673287 /* UIImageView+WebCache.m in Sources */ = {isa = PBXBuildFile; fileRef = 63D66B6611EFACCC00673287 /* UIImageView+WebCache.m */; };
		7A350A9B11EB7D7F00B80E7C /* MVLCMovieListView.xib in Resources */ = {isa = PBXBuildFile; fileRef = 7A350A9A11EB7D7F00B80E7C /* MVLCMovieListView.xib */; };
		7A350AA211EB7E2300B80E7C /* MVLCMovieListBackground.jpg in Resources */ = {isa = PBXBuildFile; fileRef = 7A350AA111EB7E2300B80E7C /* MVLCMovieListBackground.jpg */; };
		7A350AFE11EB83B400B80E7C /* MVLCMovieGridViewCell.m in Sources */ = {isa = PBXBuildFile; fileRef = 7A350AFD11EB83B400B80E7C /* MVLCMovieGridViewCell.m */; };
		7A3B2C2E11EC877000A01E01 /* MVLCMovieGridViewCell.xib in Resources */ = {isa = PBXBuildFile; fileRef = 7A3B2C2D11EC877000A01E01 /* MVLCMovieGridViewCell.xib */; };
		7A3B2D8411EC9DC400A01E01 /* MVLCMovieGridViewCellPosterPlaceholder.png in Resources */ = {isa = PBXBuildFile; fileRef = 7A3B2D8311EC9DC400A01E01 /* MVLCMovieGridViewCellPosterPlaceholder.png */; };
		7A4BA0B211EB48AF0056579C /* libstdc++.6.dylib in Frameworks */ = {isa = PBXBuildFile; fileRef = 7A4BA0B111EB48AF0056579C /* libstdc++.6.dylib */; };
		7A4BA1F911EB73EC0056579C /* AQGridView.m in Sources */ = {isa = PBXBuildFile; fileRef = 7A4BA1D811EB737B0056579C /* AQGridView.m */; };
		7A4BA1FA11EB73EC0056579C /* AQGridViewAnimatorItem.m in Sources */ = {isa = PBXBuildFile; fileRef = 7A4BA1DA11EB737B0056579C /* AQGridViewAnimatorItem.m */; };
		7A4BA1FB11EB73EC0056579C /* AQGridViewCell.m in Sources */ = {isa = PBXBuildFile; fileRef = 7A4BA1DD11EB737B0056579C /* AQGridViewCell.m */; };
		7A4BA1FC11EB73EC0056579C /* AQGridViewController.m in Sources */ = {isa = PBXBuildFile; fileRef = 7A4BA1DF11EB737B0056579C /* AQGridViewController.m */; };
		7A4BA1FD11EB73EC0056579C /* AQGridViewData.m in Sources */ = {isa = PBXBuildFile; fileRef = 7A4BA1E111EB737B0056579C /* AQGridViewData.m */; };
		7A4BA1FE11EB73EC0056579C /* AQGridViewUpdateInfo.m in Sources */ = {isa = PBXBuildFile; fileRef = 7A4BA1E311EB737B0056579C /* AQGridViewUpdateInfo.m */; };
		7A4BA1FF11EB73EC0056579C /* AQGridViewUpdateItem.m in Sources */ = {isa = PBXBuildFile; fileRef = 7A4BA1E511EB737B0056579C /* AQGridViewUpdateItem.m */; };
		7A4BA20011EB73EC0056579C /* NSIndexSet+AQIndexesOutsideSet.m in Sources */ = {isa = PBXBuildFile; fileRef = 7A4BA1E711EB737B0056579C /* NSIndexSet+AQIndexesOutsideSet.m */; };
		7A4BA20111EB73EC0056579C /* NSIndexSet+AQIsSetContiguous.m in Sources */ = {isa = PBXBuildFile; fileRef = 7A4BA1E911EB737B0056579C /* NSIndexSet+AQIsSetContiguous.m */; };
		7A4BA20211EB73EC0056579C /* UIColor+AQGridView.m in Sources */ = {isa = PBXBuildFile; fileRef = 7A4BA1EB11EB737B0056579C /* UIColor+AQGridView.m */; };
		7A4BA20311EB73F30056579C /* AQGridSelection.png in Resources */ = {isa = PBXBuildFile; fileRef = 7A4BA1ED11EB737B0056579C /* AQGridSelection.png */; };
		7A4BA20411EB73F30056579C /* AQGridSelectionGray.png in Resources */ = {isa = PBXBuildFile; fileRef = 7A4BA1EE11EB737B0056579C /* AQGridSelectionGray.png */; };
		7A4BA20511EB73F30056579C /* AQGridSelectionGrayBlue.png in Resources */ = {isa = PBXBuildFile; fileRef = 7A4BA1EF11EB737B0056579C /* AQGridSelectionGrayBlue.png */; };
		7A4BA20611EB73F30056579C /* AQGridSelectionGreen.png in Resources */ = {isa = PBXBuildFile; fileRef = 7A4BA1F011EB737B0056579C /* AQGridSelectionGreen.png */; };
		7A4BA20711EB73F30056579C /* AQGridSelectionRed.png in Resources */ = {isa = PBXBuildFile; fileRef = 7A4BA1F111EB737B0056579C /* AQGridSelectionRed.png */; };
		7A4BA21911EB74810056579C /* MVLCMovieListViewController.m in Sources */ = {isa = PBXBuildFile; fileRef = 7A4BA21811EB74810056579C /* MVLCMovieListViewController.m */; };
		7A5ECA1911DE782F00F66AF3 /* OpenGLES.framework in Frameworks */ = {isa = PBXBuildFile; fileRef = 7A5ECA1811DE782F00F66AF3 /* OpenGLES.framework */; };
		7A5ECA1D11DE783500F66AF3 /* AudioToolbox.framework in Frameworks */ = {isa = PBXBuildFile; fileRef = 7A5ECA1C11DE783500F66AF3 /* AudioToolbox.framework */; };
		7A5ECA2111DE783F00F66AF3 /* QuartzCore.framework in Frameworks */ = {isa = PBXBuildFile; fileRef = 7A5ECA2011DE783F00F66AF3 /* QuartzCore.framework */; };
		7A5ECA2511DE784D00F66AF3 /* libiconv.dylib in Frameworks */ = {isa = PBXBuildFile; fileRef = 7A5ECA2411DE784D00F66AF3 /* libiconv.dylib */; };
		7A5ECB8011DE96CB00F66AF3 /* libMobileVLCKit.a in Frameworks */ = {isa = PBXBuildFile; fileRef = 7A5ECB7F11DE96C400F66AF3 /* libMobileVLCKit.a */; };
		7A5ECBC011DE994500F66AF3 /* libz.dylib in Frameworks */ = {isa = PBXBuildFile; fileRef = 7A5ECBBF11DE994500F66AF3 /* libz.dylib */; };
		7A5ECC1511DE9C6900F66AF3 /* libsqlite3.dylib in Frameworks */ = {isa = PBXBuildFile; fileRef = 7A5ECC1411DE9C6900F66AF3 /* libsqlite3.dylib */; };
		7A87ECAC11E3A1DD007BE827 /* MVLCMainWindow.xib in Resources */ = {isa = PBXBuildFile; fileRef = 7A87ECAB11E3A1DD007BE827 /* MVLCMainWindow.xib */; };
		7A87ECD611E3A33E007BE827 /* MVLCMovieViewController.m in Sources */ = {isa = PBXBuildFile; fileRef = 7A87ECD511E3A33E007BE827 /* MVLCMovieViewController.m */; };
		7A87ECDA11E3A356007BE827 /* MVLCMovieView.xib in Resources */ = {isa = PBXBuildFile; fileRef = 7A87ECD911E3A356007BE827 /* MVLCMovieView.xib */; };
		7AB2BD5311E48A81002E543F /* MVLCMovieViewHUDBackground.png in Resources */ = {isa = PBXBuildFile; fileRef = 7AB2BD4F11E48A81002E543F /* MVLCMovieViewHUDBackground.png */; };
		7AB2BD5411E48A81002E543F /* MVLCMovieViewHUDFastForward.png in Resources */ = {isa = PBXBuildFile; fileRef = 7AB2BD5011E48A81002E543F /* MVLCMovieViewHUDFastForward.png */; };
		7AB2BD5511E48A81002E543F /* MVLCMovieViewHUDPlay.png in Resources */ = {isa = PBXBuildFile; fileRef = 7AB2BD5111E48A81002E543F /* MVLCMovieViewHUDPlay.png */; };
		7AB2BD5611E48A81002E543F /* MVLCMovieViewHUDRewind.png in Resources */ = {isa = PBXBuildFile; fileRef = 7AB2BD5211E48A81002E543F /* MVLCMovieViewHUDRewind.png */; };
		7AB2BD6B11E48D80002E543F /* MVLCMovieViewHUDPause.png in Resources */ = {isa = PBXBuildFile; fileRef = 7AB2BD6A11E48D80002E543F /* MVLCMovieViewHUDPause.png */; };
		7AF667DA11E61BA300BC5F19 /* MVLCIcon.png in Resources */ = {isa = PBXBuildFile; fileRef = 7AF667D911E61BA300BC5F19 /* MVLCIcon.png */; };
/* End PBXBuildFile section */

/* Begin PBXFileReference section */
		1D30AB110D05D00D00671497 /* Foundation.framework */ = {isa = PBXFileReference; lastKnownFileType = wrapper.framework; name = Foundation.framework; path = System/Library/Frameworks/Foundation.framework; sourceTree = SDKROOT; };
		1D3623240D0F684500981E51 /* MobileVLCAppDelegate.h */ = {isa = PBXFileReference; fileEncoding = 4; lastKnownFileType = sourcecode.c.h; path = MobileVLCAppDelegate.h; sourceTree = "<group>"; };
		1D3623250D0F684500981E51 /* MobileVLCAppDelegate.m */ = {isa = PBXFileReference; fileEncoding = 4; lastKnownFileType = sourcecode.c.objc; path = MobileVLCAppDelegate.m; sourceTree = "<group>"; };
		1D6058910D05DD3D006BFB54 /* VLC.app */ = {isa = PBXFileReference; explicitFileType = wrapper.application; includeInIndex = 0; path = VLC.app; sourceTree = BUILT_PRODUCTS_DIR; };
		1DF5F4DF0D08C38300B7A737 /* UIKit.framework */ = {isa = PBXFileReference; lastKnownFileType = wrapper.framework; name = UIKit.framework; path = System/Library/Frameworks/UIKit.framework; sourceTree = SDKROOT; };
		2892E40F0DC94CBA00A64D0F /* CoreGraphics.framework */ = {isa = PBXFileReference; lastKnownFileType = wrapper.framework; name = CoreGraphics.framework; path = System/Library/Frameworks/CoreGraphics.framework; sourceTree = SDKROOT; };
		28A0AAE50D9B0CCF005BE974 /* MobileVLC_Prefix.pch */ = {isa = PBXFileReference; fileEncoding = 4; lastKnownFileType = sourcecode.c.h; path = MobileVLC_Prefix.pch; sourceTree = "<group>"; };
		29B97316FDCFA39411CA2CEA /* main.m */ = {isa = PBXFileReference; fileEncoding = 4; lastKnownFileType = sourcecode.c.objc; path = main.m; sourceTree = "<group>"; };
		631865D511EE3CAA00AB038D /* MLMediaLibrary.h */ = {isa = PBXFileReference; fileEncoding = 4; lastKnownFileType = sourcecode.c.h; name = MLMediaLibrary.h; path = ../MediaLibraryKit/MLMediaLibrary.h; sourceTree = SOURCE_ROOT; };
		631865E411EE3CD700AB038D /* libMobileMediaLibraryKit.a */ = {isa = PBXFileReference; lastKnownFileType = archive.ar; name = libMobileMediaLibraryKit.a; path = "../../build/Debug-iphonesimulator/libMobileMediaLibraryKit.a"; sourceTree = SOURCE_ROOT; };
		631866CC11EE4D5100AB038D /* libxml2.dylib */ = {isa = PBXFileReference; lastKnownFileType = "compiled.mach-o.dylib"; name = libxml2.dylib; path = usr/lib/libxml2.dylib; sourceTree = SDKROOT; };
		631866D011EE4D5B00AB038D /* CoreData.framework */ = {isa = PBXFileReference; lastKnownFileType = wrapper.framework; name = CoreData.framework; path = System/Library/Frameworks/CoreData.framework; sourceTree = SDKROOT; };
		6318675911EE50B000AB038D /* MediaLibrary.xcdatamodel */ = {isa = PBXFileReference; fileEncoding = 4; lastKnownFileType = wrapper.xcdatamodel; name = MediaLibrary.xcdatamodel; path = ../MediaLibraryKit/MediaLibrary.xcdatamodel; sourceTree = SOURCE_ROOT; };
		636E9D8311ED3E29002FE8A9 /* libbz2.dylib */ = {isa = PBXFileReference; lastKnownFileType = "compiled.mach-o.dylib"; name = libbz2.dylib; path = usr/lib/libbz2.dylib; sourceTree = SDKROOT; };
		63D66B5B11EFACCC00673287 /* LICENSE */ = {isa = PBXFileReference; fileEncoding = 4; lastKnownFileType = text; path = LICENSE; sourceTree = "<group>"; };
		63D66B5C11EFACCC00673287 /* README.md */ = {isa = PBXFileReference; fileEncoding = 4; lastKnownFileType = text; path = README.md; sourceTree = "<group>"; };
		63D66B5D11EFACCC00673287 /* SDImageCache.h */ = {isa = PBXFileReference; fileEncoding = 4; lastKnownFileType = sourcecode.c.h; path = SDImageCache.h; sourceTree = "<group>"; };
		63D66B5E11EFACCC00673287 /* SDImageCache.m */ = {isa = PBXFileReference; fileEncoding = 4; lastKnownFileType = sourcecode.c.objc; path = SDImageCache.m; sourceTree = "<group>"; };
		63D66B5F11EFACCC00673287 /* SDWebImageDownloader.h */ = {isa = PBXFileReference; fileEncoding = 4; lastKnownFileType = sourcecode.c.h; path = SDWebImageDownloader.h; sourceTree = "<group>"; };
		63D66B6011EFACCC00673287 /* SDWebImageDownloader.m */ = {isa = PBXFileReference; fileEncoding = 4; lastKnownFileType = sourcecode.c.objc; path = SDWebImageDownloader.m; sourceTree = "<group>"; };
		63D66B6111EFACCC00673287 /* SDWebImageDownloaderDelegate.h */ = {isa = PBXFileReference; fileEncoding = 4; lastKnownFileType = sourcecode.c.h; path = SDWebImageDownloaderDelegate.h; sourceTree = "<group>"; };
		63D66B6211EFACCC00673287 /* SDWebImageManager.h */ = {isa = PBXFileReference; fileEncoding = 4; lastKnownFileType = sourcecode.c.h; path = SDWebImageManager.h; sourceTree = "<group>"; };
		63D66B6311EFACCC00673287 /* SDWebImageManager.m */ = {isa = PBXFileReference; fileEncoding = 4; lastKnownFileType = sourcecode.c.objc; path = SDWebImageManager.m; sourceTree = "<group>"; };
		63D66B6411EFACCC00673287 /* SDWebImageManagerDelegate.h */ = {isa = PBXFileReference; fileEncoding = 4; lastKnownFileType = sourcecode.c.h; path = SDWebImageManagerDelegate.h; sourceTree = "<group>"; };
		63D66B6511EFACCC00673287 /* UIImageView+WebCache.h */ = {isa = PBXFileReference; fileEncoding = 4; lastKnownFileType = sourcecode.c.h; path = "UIImageView+WebCache.h"; sourceTree = "<group>"; };
		63D66B6611EFACCC00673287 /* UIImageView+WebCache.m */ = {isa = PBXFileReference; fileEncoding = 4; lastKnownFileType = sourcecode.c.objc; path = "UIImageView+WebCache.m"; sourceTree = "<group>"; };
		7A350A9A11EB7D7F00B80E7C /* MVLCMovieListView.xib */ = {isa = PBXFileReference; lastKnownFileType = file.xib; name = MVLCMovieListView.xib; path = Resources/MVLCMovieListView.xib; sourceTree = "<group>"; };
		7A350AA111EB7E2300B80E7C /* MVLCMovieListBackground.jpg */ = {isa = PBXFileReference; lastKnownFileType = image.jpeg; name = MVLCMovieListBackground.jpg; path = Resources/MVLCMovieListBackground.jpg; sourceTree = "<group>"; };
		7A350AFC11EB83B400B80E7C /* MVLCMovieGridViewCell.h */ = {isa = PBXFileReference; fileEncoding = 4; lastKnownFileType = sourcecode.c.h; path = MVLCMovieGridViewCell.h; sourceTree = "<group>"; };
		7A350AFD11EB83B400B80E7C /* MVLCMovieGridViewCell.m */ = {isa = PBXFileReference; fileEncoding = 4; lastKnownFileType = sourcecode.c.objc; path = MVLCMovieGridViewCell.m; sourceTree = "<group>"; };
		7A3B2C2D11EC877000A01E01 /* MVLCMovieGridViewCell.xib */ = {isa = PBXFileReference; lastKnownFileType = file.xib; name = MVLCMovieGridViewCell.xib; path = Resources/MVLCMovieGridViewCell.xib; sourceTree = "<group>"; };
		7A3B2C4C11EC882B00A01E01 /* MobileVLC.h */ = {isa = PBXFileReference; fileEncoding = 4; lastKnownFileType = sourcecode.c.h; path = MobileVLC.h; sourceTree = "<group>"; };
		7A3B2D8311EC9DC400A01E01 /* MVLCMovieGridViewCellPosterPlaceholder.png */ = {isa = PBXFileReference; lastKnownFileType = image.png; name = MVLCMovieGridViewCellPosterPlaceholder.png; path = Resources/MVLCMovieGridViewCellPosterPlaceholder.png; sourceTree = "<group>"; };
		7A4BA0B111EB48AF0056579C /* libstdc++.6.dylib */ = {isa = PBXFileReference; lastKnownFileType = "compiled.mach-o.dylib"; name = "libstdc++.6.dylib"; path = "usr/lib/libstdc++.6.dylib"; sourceTree = SDKROOT; };
		7A4BA1D511EB737B0056579C /* AQGridView+CellLayout.h */ = {isa = PBXFileReference; fileEncoding = 4; lastKnownFileType = sourcecode.c.h; path = "AQGridView+CellLayout.h"; sourceTree = "<group>"; };
		7A4BA1D611EB737B0056579C /* AQGridView+CellLocationDelegation.h */ = {isa = PBXFileReference; fileEncoding = 4; lastKnownFileType = sourcecode.c.h; path = "AQGridView+CellLocationDelegation.h"; sourceTree = "<group>"; };
		7A4BA1D711EB737B0056579C /* AQGridView.h */ = {isa = PBXFileReference; fileEncoding = 4; lastKnownFileType = sourcecode.c.h; path = AQGridView.h; sourceTree = "<group>"; };
		7A4BA1D811EB737B0056579C /* AQGridView.m */ = {isa = PBXFileReference; fileEncoding = 4; lastKnownFileType = sourcecode.c.objc; path = AQGridView.m; sourceTree = "<group>"; };
		7A4BA1D911EB737B0056579C /* AQGridViewAnimatorItem.h */ = {isa = PBXFileReference; fileEncoding = 4; lastKnownFileType = sourcecode.c.h; path = AQGridViewAnimatorItem.h; sourceTree = "<group>"; };
		7A4BA1DA11EB737B0056579C /* AQGridViewAnimatorItem.m */ = {isa = PBXFileReference; fileEncoding = 4; lastKnownFileType = sourcecode.c.objc; path = AQGridViewAnimatorItem.m; sourceTree = "<group>"; };
		7A4BA1DB11EB737B0056579C /* AQGridViewCell+AQGridViewCellPrivate.h */ = {isa = PBXFileReference; fileEncoding = 4; lastKnownFileType = sourcecode.c.h; path = "AQGridViewCell+AQGridViewCellPrivate.h"; sourceTree = "<group>"; };
		7A4BA1DC11EB737B0056579C /* AQGridViewCell.h */ = {isa = PBXFileReference; fileEncoding = 4; lastKnownFileType = sourcecode.c.h; path = AQGridViewCell.h; sourceTree = "<group>"; };
		7A4BA1DD11EB737B0056579C /* AQGridViewCell.m */ = {isa = PBXFileReference; fileEncoding = 4; lastKnownFileType = sourcecode.c.objc; path = AQGridViewCell.m; sourceTree = "<group>"; };
		7A4BA1DE11EB737B0056579C /* AQGridViewController.h */ = {isa = PBXFileReference; fileEncoding = 4; lastKnownFileType = sourcecode.c.h; path = AQGridViewController.h; sourceTree = "<group>"; };
		7A4BA1DF11EB737B0056579C /* AQGridViewController.m */ = {isa = PBXFileReference; fileEncoding = 4; lastKnownFileType = sourcecode.c.objc; path = AQGridViewController.m; sourceTree = "<group>"; };
		7A4BA1E011EB737B0056579C /* AQGridViewData.h */ = {isa = PBXFileReference; fileEncoding = 4; lastKnownFileType = sourcecode.c.h; path = AQGridViewData.h; sourceTree = "<group>"; };
		7A4BA1E111EB737B0056579C /* AQGridViewData.m */ = {isa = PBXFileReference; fileEncoding = 4; lastKnownFileType = sourcecode.c.objc; path = AQGridViewData.m; sourceTree = "<group>"; };
		7A4BA1E211EB737B0056579C /* AQGridViewUpdateInfo.h */ = {isa = PBXFileReference; fileEncoding = 4; lastKnownFileType = sourcecode.c.h; path = AQGridViewUpdateInfo.h; sourceTree = "<group>"; };
		7A4BA1E311EB737B0056579C /* AQGridViewUpdateInfo.m */ = {isa = PBXFileReference; fileEncoding = 4; lastKnownFileType = sourcecode.c.objc; path = AQGridViewUpdateInfo.m; sourceTree = "<group>"; };
		7A4BA1E411EB737B0056579C /* AQGridViewUpdateItem.h */ = {isa = PBXFileReference; fileEncoding = 4; lastKnownFileType = sourcecode.c.h; path = AQGridViewUpdateItem.h; sourceTree = "<group>"; };
		7A4BA1E511EB737B0056579C /* AQGridViewUpdateItem.m */ = {isa = PBXFileReference; fileEncoding = 4; lastKnownFileType = sourcecode.c.objc; path = AQGridViewUpdateItem.m; sourceTree = "<group>"; };
		7A4BA1E611EB737B0056579C /* NSIndexSet+AQIndexesOutsideSet.h */ = {isa = PBXFileReference; fileEncoding = 4; lastKnownFileType = sourcecode.c.h; path = "NSIndexSet+AQIndexesOutsideSet.h"; sourceTree = "<group>"; };
		7A4BA1E711EB737B0056579C /* NSIndexSet+AQIndexesOutsideSet.m */ = {isa = PBXFileReference; fileEncoding = 4; lastKnownFileType = sourcecode.c.objc; path = "NSIndexSet+AQIndexesOutsideSet.m"; sourceTree = "<group>"; };
		7A4BA1E811EB737B0056579C /* NSIndexSet+AQIsSetContiguous.h */ = {isa = PBXFileReference; fileEncoding = 4; lastKnownFileType = sourcecode.c.h; path = "NSIndexSet+AQIsSetContiguous.h"; sourceTree = "<group>"; };
		7A4BA1E911EB737B0056579C /* NSIndexSet+AQIsSetContiguous.m */ = {isa = PBXFileReference; fileEncoding = 4; lastKnownFileType = sourcecode.c.objc; path = "NSIndexSet+AQIsSetContiguous.m"; sourceTree = "<group>"; };
		7A4BA1EA11EB737B0056579C /* UIColor+AQGridView.h */ = {isa = PBXFileReference; fileEncoding = 4; lastKnownFileType = sourcecode.c.h; path = "UIColor+AQGridView.h"; sourceTree = "<group>"; };
		7A4BA1EB11EB737B0056579C /* UIColor+AQGridView.m */ = {isa = PBXFileReference; fileEncoding = 4; lastKnownFileType = sourcecode.c.objc; path = "UIColor+AQGridView.m"; sourceTree = "<group>"; };
		7A4BA1ED11EB737B0056579C /* AQGridSelection.png */ = {isa = PBXFileReference; lastKnownFileType = image.png; path = AQGridSelection.png; sourceTree = "<group>"; };
		7A4BA1EE11EB737B0056579C /* AQGridSelectionGray.png */ = {isa = PBXFileReference; lastKnownFileType = image.png; path = AQGridSelectionGray.png; sourceTree = "<group>"; };
		7A4BA1EF11EB737B0056579C /* AQGridSelectionGrayBlue.png */ = {isa = PBXFileReference; lastKnownFileType = image.png; path = AQGridSelectionGrayBlue.png; sourceTree = "<group>"; };
		7A4BA1F011EB737B0056579C /* AQGridSelectionGreen.png */ = {isa = PBXFileReference; lastKnownFileType = image.png; path = AQGridSelectionGreen.png; sourceTree = "<group>"; };
		7A4BA1F111EB737B0056579C /* AQGridSelectionRed.png */ = {isa = PBXFileReference; lastKnownFileType = image.png; path = AQGridSelectionRed.png; sourceTree = "<group>"; };
		7A4BA21711EB74810056579C /* MVLCMovieListViewController.h */ = {isa = PBXFileReference; fileEncoding = 4; lastKnownFileType = sourcecode.c.h; path = MVLCMovieListViewController.h; sourceTree = "<group>"; };
		7A4BA21811EB74810056579C /* MVLCMovieListViewController.m */ = {isa = PBXFileReference; fileEncoding = 4; lastKnownFileType = sourcecode.c.objc; path = MVLCMovieListViewController.m; sourceTree = "<group>"; };
		7A5ECA1811DE782F00F66AF3 /* OpenGLES.framework */ = {isa = PBXFileReference; lastKnownFileType = wrapper.framework; name = OpenGLES.framework; path = System/Library/Frameworks/OpenGLES.framework; sourceTree = SDKROOT; };
		7A5ECA1C11DE783500F66AF3 /* AudioToolbox.framework */ = {isa = PBXFileReference; lastKnownFileType = wrapper.framework; name = AudioToolbox.framework; path = System/Library/Frameworks/AudioToolbox.framework; sourceTree = SDKROOT; };
		7A5ECA2011DE783F00F66AF3 /* QuartzCore.framework */ = {isa = PBXFileReference; lastKnownFileType = wrapper.framework; name = QuartzCore.framework; path = System/Library/Frameworks/QuartzCore.framework; sourceTree = SDKROOT; };
		7A5ECA2411DE784D00F66AF3 /* libiconv.dylib */ = {isa = PBXFileReference; lastKnownFileType = "compiled.mach-o.dylib"; name = libiconv.dylib; path = usr/lib/libiconv.dylib; sourceTree = SDKROOT; };
		7A5ECB7F11DE96C400F66AF3 /* libMobileVLCKit.a */ = {isa = PBXFileReference; lastKnownFileType = archive.ar; path = libMobileVLCKit.a; sourceTree = "<group>"; };
		7A5ECB9511DE973100F66AF3 /* VLCAudio.h */ = {isa = PBXFileReference; fileEncoding = 4; lastKnownFileType = sourcecode.c.h; path = VLCAudio.h; sourceTree = "<group>"; };
		7A5ECB9611DE973100F66AF3 /* VLCLibrary.h */ = {isa = PBXFileReference; fileEncoding = 4; lastKnownFileType = sourcecode.c.h; path = VLCLibrary.h; sourceTree = "<group>"; };
		7A5ECB9711DE973100F66AF3 /* VLCMedia.h */ = {isa = PBXFileReference; fileEncoding = 4; lastKnownFileType = sourcecode.c.h; path = VLCMedia.h; sourceTree = "<group>"; };
		7A5ECB9811DE973100F66AF3 /* VLCMediaList.h */ = {isa = PBXFileReference; fileEncoding = 4; lastKnownFileType = sourcecode.c.h; path = VLCMediaList.h; sourceTree = "<group>"; };
		7A5ECB9911DE973100F66AF3 /* VLCMediaPlayer.h */ = {isa = PBXFileReference; fileEncoding = 4; lastKnownFileType = sourcecode.c.h; path = VLCMediaPlayer.h; sourceTree = "<group>"; };
		7A5ECB9A11DE973100F66AF3 /* VLCTime.h */ = {isa = PBXFileReference; fileEncoding = 4; lastKnownFileType = sourcecode.c.h; path = VLCTime.h; sourceTree = "<group>"; };
		7A5ECBA211DE977A00F66AF3 /* MobileVLCKit.h */ = {isa = PBXFileReference; fileEncoding = 4; lastKnownFileType = sourcecode.c.h; path = MobileVLCKit.h; sourceTree = "<group>"; };
		7A5ECBBF11DE994500F66AF3 /* libz.dylib */ = {isa = PBXFileReference; lastKnownFileType = "compiled.mach-o.dylib"; name = libz.dylib; path = usr/lib/libz.dylib; sourceTree = SDKROOT; };
		7A5ECC1411DE9C6900F66AF3 /* libsqlite3.dylib */ = {isa = PBXFileReference; lastKnownFileType = "compiled.mach-o.dylib"; name = libsqlite3.dylib; path = usr/lib/libsqlite3.dylib; sourceTree = SDKROOT; };
		7A87ECAB11E3A1DD007BE827 /* MVLCMainWindow.xib */ = {isa = PBXFileReference; lastKnownFileType = file.xib; name = MVLCMainWindow.xib; path = Resources/MVLCMainWindow.xib; sourceTree = "<group>"; };
		7A87ECD411E3A33E007BE827 /* MVLCMovieViewController.h */ = {isa = PBXFileReference; fileEncoding = 4; lastKnownFileType = sourcecode.c.h; path = MVLCMovieViewController.h; sourceTree = "<group>"; };
		7A87ECD511E3A33E007BE827 /* MVLCMovieViewController.m */ = {isa = PBXFileReference; fileEncoding = 4; lastKnownFileType = sourcecode.c.objc; path = MVLCMovieViewController.m; sourceTree = "<group>"; };
		7A87ECD911E3A356007BE827 /* MVLCMovieView.xib */ = {isa = PBXFileReference; lastKnownFileType = file.xib; name = MVLCMovieView.xib; path = Resources/MVLCMovieView.xib; sourceTree = "<group>"; };
		7AB2BD4F11E48A81002E543F /* MVLCMovieViewHUDBackground.png */ = {isa = PBXFileReference; lastKnownFileType = image.png; name = MVLCMovieViewHUDBackground.png; path = Resources/MVLCMovieViewHUDBackground.png; sourceTree = "<group>"; };
		7AB2BD5011E48A81002E543F /* MVLCMovieViewHUDFastForward.png */ = {isa = PBXFileReference; lastKnownFileType = image.png; name = MVLCMovieViewHUDFastForward.png; path = Resources/MVLCMovieViewHUDFastForward.png; sourceTree = "<group>"; };
		7AB2BD5111E48A81002E543F /* MVLCMovieViewHUDPlay.png */ = {isa = PBXFileReference; lastKnownFileType = image.png; name = MVLCMovieViewHUDPlay.png; path = Resources/MVLCMovieViewHUDPlay.png; sourceTree = "<group>"; };
		7AB2BD5211E48A81002E543F /* MVLCMovieViewHUDRewind.png */ = {isa = PBXFileReference; lastKnownFileType = image.png; name = MVLCMovieViewHUDRewind.png; path = Resources/MVLCMovieViewHUDRewind.png; sourceTree = "<group>"; };
		7AB2BD6A11E48D80002E543F /* MVLCMovieViewHUDPause.png */ = {isa = PBXFileReference; lastKnownFileType = image.png; name = MVLCMovieViewHUDPause.png; path = Resources/MVLCMovieViewHUDPause.png; sourceTree = "<group>"; };
		7AF667D911E61BA300BC5F19 /* MVLCIcon.png */ = {isa = PBXFileReference; lastKnownFileType = image.png; name = MVLCIcon.png; path = Resources/MVLCIcon.png; sourceTree = "<group>"; };
		8D1107310486CEB800E47090 /* MobileVLC-Info.plist */ = {isa = PBXFileReference; fileEncoding = 4; lastKnownFileType = text.plist.xml; path = "MobileVLC-Info.plist"; plistStructureDefinitionIdentifier = "com.apple.xcode.plist.structure-definition.iphone.info-plist"; sourceTree = "<group>"; };
/* End PBXFileReference section */

/* Begin PBXFrameworksBuildPhase section */
		1D60588F0D05DD3D006BFB54 /* Frameworks */ = {
			isa = PBXFrameworksBuildPhase;
			buildActionMask = 2147483647;
			files = (
				7A5ECB8011DE96CB00F66AF3 /* libMobileVLCKit.a in Frameworks */,
				1D60589F0D05DD5A006BFB54 /* Foundation.framework in Frameworks */,
				1DF5F4E00D08C38300B7A737 /* UIKit.framework in Frameworks */,
				2892E4100DC94CBA00A64D0F /* CoreGraphics.framework in Frameworks */,
				7A5ECA1911DE782F00F66AF3 /* OpenGLES.framework in Frameworks */,
				7A5ECA1D11DE783500F66AF3 /* AudioToolbox.framework in Frameworks */,
				7A5ECA2111DE783F00F66AF3 /* QuartzCore.framework in Frameworks */,
				7A5ECA2511DE784D00F66AF3 /* libiconv.dylib in Frameworks */,
				7A5ECBC011DE994500F66AF3 /* libz.dylib in Frameworks */,
				7A5ECC1511DE9C6900F66AF3 /* libsqlite3.dylib in Frameworks */,
				7A4BA0B211EB48AF0056579C /* libstdc++.6.dylib in Frameworks */,
				636E9D8411ED3E29002FE8A9 /* libbz2.dylib in Frameworks */,
				631865E511EE3CD700AB038D /* libMobileMediaLibraryKit.a in Frameworks */,
				631866CD11EE4D5100AB038D /* libxml2.dylib in Frameworks */,
				631866D111EE4D5B00AB038D /* CoreData.framework in Frameworks */,
			);
			runOnlyForDeploymentPostprocessing = 0;
		};
/* End PBXFrameworksBuildPhase section */

/* Begin PBXGroup section */
		080E96DDFE201D6D7F000001 /* Classes */ = {
			isa = PBXGroup;
			children = (
				7A3B2C4C11EC882B00A01E01 /* MobileVLC.h */,
				7A3453A011E5FD9C00A141F2 /* Model */,
				7A3453A111E5FDA200A141F2 /* View */,
				7A3453A211E5FDA600A141F2 /* Controller */,
				1D3623240D0F684500981E51 /* MobileVLCAppDelegate.h */,
				1D3623250D0F684500981E51 /* MobileVLCAppDelegate.m */,
			);
			path = Classes;
			sourceTree = "<group>";
		};
		19C28FACFE9D520D11CA2CBB /* Products */ = {
			isa = PBXGroup;
			children = (
				1D6058910D05DD3D006BFB54 /* VLC.app */,
			);
			name = Products;
			sourceTree = "<group>";
		};
		29B97314FDCFA39411CA2CEA /* CustomTemplate */ = {
			isa = PBXGroup;
			children = (
				080E96DDFE201D6D7F000001 /* Classes */,
				29B97315FDCFA39411CA2CEA /* Other Sources */,
				7A5ECB7611DE96C400F66AF3 /* External */,
				29B97317FDCFA39411CA2CEA /* Resources */,
				29B97323FDCFA39411CA2CEA /* Frameworks */,
				19C28FACFE9D520D11CA2CBB /* Products */,
				7A5ECBBF11DE994500F66AF3 /* libz.dylib */,
				7A5ECC1411DE9C6900F66AF3 /* libsqlite3.dylib */,
				636E9D8311ED3E29002FE8A9 /* libbz2.dylib */,
				631866CC11EE4D5100AB038D /* libxml2.dylib */,
				631866D011EE4D5B00AB038D /* CoreData.framework */,
			);
			name = CustomTemplate;
			sourceTree = "<group>";
		};
		29B97315FDCFA39411CA2CEA /* Other Sources */ = {
			isa = PBXGroup;
			children = (
				28A0AAE50D9B0CCF005BE974 /* MobileVLC_Prefix.pch */,
				29B97316FDCFA39411CA2CEA /* main.m */,
			);
			name = "Other Sources";
			sourceTree = "<group>";
		};
		29B97317FDCFA39411CA2CEA /* Resources */ = {
			isa = PBXGroup;
			children = (
				7AB2BD4C11E489A0002E543F /* XIB */,
				7AB2BD4D11E489A6002E543F /* Pictures */,
				8D1107310486CEB800E47090 /* MobileVLC-Info.plist */,
			);
			name = Resources;
			sourceTree = "<group>";
		};
		29B97323FDCFA39411CA2CEA /* Frameworks */ = {
			isa = PBXGroup;
			children = (
				1DF5F4DF0D08C38300B7A737 /* UIKit.framework */,
				1D30AB110D05D00D00671497 /* Foundation.framework */,
				2892E40F0DC94CBA00A64D0F /* CoreGraphics.framework */,
				7A5ECA1811DE782F00F66AF3 /* OpenGLES.framework */,
				7A5ECA1C11DE783500F66AF3 /* AudioToolbox.framework */,
				7A5ECA2011DE783F00F66AF3 /* QuartzCore.framework */,
				7A5ECA2411DE784D00F66AF3 /* libiconv.dylib */,
				7A4BA0B111EB48AF0056579C /* libstdc++.6.dylib */,
			);
			name = Frameworks;
			sourceTree = "<group>";
		};
		631865D911EE3CAD00AB038D /* MobileMediaLibraryKit */ = {
			isa = PBXGroup;
			children = (
				6318675911EE50B000AB038D /* MediaLibrary.xcdatamodel */,
				631865E411EE3CD700AB038D /* libMobileMediaLibraryKit.a */,
				631865D511EE3CAA00AB038D /* MLMediaLibrary.h */,
			);
			name = MobileMediaLibraryKit;
			sourceTree = "<group>";
		};
		63D66B4B11EFACCC00673287 /* SDWebImage */ = {
			isa = PBXGroup;
			children = (
				63D66B4C11EFACCC00673287 /* .git */,
				63D66B5B11EFACCC00673287 /* LICENSE */,
				63D66B5C11EFACCC00673287 /* README.md */,
				63D66B5D11EFACCC00673287 /* SDImageCache.h */,
				63D66B5E11EFACCC00673287 /* SDImageCache.m */,
				63D66B5F11EFACCC00673287 /* SDWebImageDownloader.h */,
				63D66B6011EFACCC00673287 /* SDWebImageDownloader.m */,
				63D66B6111EFACCC00673287 /* SDWebImageDownloaderDelegate.h */,
				63D66B6211EFACCC00673287 /* SDWebImageManager.h */,
				63D66B6311EFACCC00673287 /* SDWebImageManager.m */,
				63D66B6411EFACCC00673287 /* SDWebImageManagerDelegate.h */,
				63D66B6511EFACCC00673287 /* UIImageView+WebCache.h */,
				63D66B6611EFACCC00673287 /* UIImageView+WebCache.m */,
			);
			path = SDWebImage;
			sourceTree = "<group>";
		};
		63D66B4C11EFACCC00673287 /* .git */ = {
			isa = PBXGroup;
			children = (
				63D66B4D11EFACCC00673287 /* branches */,
				63D66B4E11EFACCC00673287 /* hooks */,
				63D66B4F11EFACCC00673287 /* info */,
				63D66B5011EFACCC00673287 /* logs */,
				63D66B5311EFACCC00673287 /* objects */,
				63D66B5611EFACCC00673287 /* refs */,
			);
			path = .git;
			sourceTree = "<group>";
		};
		63D66B4D11EFACCC00673287 /* branches */ = {
			isa = PBXGroup;
			children = (
			);
			path = branches;
			sourceTree = "<group>";
		};
		63D66B4E11EFACCC00673287 /* hooks */ = {
			isa = PBXGroup;
			children = (
			);
			path = hooks;
			sourceTree = "<group>";
		};
		63D66B4F11EFACCC00673287 /* info */ = {
			isa = PBXGroup;
			children = (
			);
			path = info;
			sourceTree = "<group>";
		};
		63D66B5011EFACCC00673287 /* logs */ = {
			isa = PBXGroup;
			children = (
				63D66B5111EFACCC00673287 /* refs */,
			);
			path = logs;
			sourceTree = "<group>";
		};
		63D66B5111EFACCC00673287 /* refs */ = {
			isa = PBXGroup;
			children = (
				63D66B5211EFACCC00673287 /* heads */,
			);
			path = refs;
			sourceTree = "<group>";
		};
		63D66B5211EFACCC00673287 /* heads */ = {
			isa = PBXGroup;
			children = (
			);
			path = heads;
			sourceTree = "<group>";
		};
		63D66B5311EFACCC00673287 /* objects */ = {
			isa = PBXGroup;
			children = (
				63D66B5411EFACCC00673287 /* info */,
				63D66B5511EFACCC00673287 /* pack */,
			);
			path = objects;
			sourceTree = "<group>";
		};
		63D66B5411EFACCC00673287 /* info */ = {
			isa = PBXGroup;
			children = (
			);
			path = info;
			sourceTree = "<group>";
		};
		63D66B5511EFACCC00673287 /* pack */ = {
			isa = PBXGroup;
			children = (
			);
			path = pack;
			sourceTree = "<group>";
		};
		63D66B5611EFACCC00673287 /* refs */ = {
			isa = PBXGroup;
			children = (
				63D66B5711EFACCC00673287 /* heads */,
				63D66B5811EFACCC00673287 /* remotes */,
				63D66B5A11EFACCC00673287 /* tags */,
			);
			path = refs;
			sourceTree = "<group>";
		};
		63D66B5711EFACCC00673287 /* heads */ = {
			isa = PBXGroup;
			children = (
			);
			path = heads;
			sourceTree = "<group>";
		};
		63D66B5811EFACCC00673287 /* remotes */ = {
			isa = PBXGroup;
			children = (
				63D66B5911EFACCC00673287 /* origin */,
			);
			path = remotes;
			sourceTree = "<group>";
		};
		63D66B5911EFACCC00673287 /* origin */ = {
			isa = PBXGroup;
			children = (
			);
			path = origin;
			sourceTree = "<group>";
		};
		63D66B5A11EFACCC00673287 /* tags */ = {
			isa = PBXGroup;
			children = (
			);
			path = tags;
			sourceTree = "<group>";
		};
		7A3453A011E5FD9C00A141F2 /* Model */ = {
			isa = PBXGroup;
			children = (
			);
			name = Model;
			sourceTree = "<group>";
		};
		7A3453A111E5FDA200A141F2 /* View */ = {
			isa = PBXGroup;
			children = (
				7A350AFC11EB83B400B80E7C /* MVLCMovieGridViewCell.h */,
				7A350AFD11EB83B400B80E7C /* MVLCMovieGridViewCell.m */,
			);
			name = View;
			sourceTree = "<group>";
		};
		7A3453A211E5FDA600A141F2 /* Controller */ = {
			isa = PBXGroup;
			children = (
				7A4BA21711EB74810056579C /* MVLCMovieListViewController.h */,
				7A4BA21811EB74810056579C /* MVLCMovieListViewController.m */,
				7A87ECD411E3A33E007BE827 /* MVLCMovieViewController.h */,
				7A87ECD511E3A33E007BE827 /* MVLCMovieViewController.m */,
			);
			name = Controller;
			sourceTree = "<group>";
		};
		7A350A9F11EB7E1000B80E7C /* Movie view */ = {
			isa = PBXGroup;
			children = (
				7AB2BD5211E48A81002E543F /* MVLCMovieViewHUDRewind.png */,
				7AB2BD5111E48A81002E543F /* MVLCMovieViewHUDPlay.png */,
				7AB2BD6A11E48D80002E543F /* MVLCMovieViewHUDPause.png */,
				7AB2BD5011E48A81002E543F /* MVLCMovieViewHUDFastForward.png */,
				7AB2BD4F11E48A81002E543F /* MVLCMovieViewHUDBackground.png */,
			);
			name = "Movie view";
			sourceTree = "<group>";
		};
		7A350AA011EB7E1800B80E7C /* Movie list view */ = {
			isa = PBXGroup;
			children = (
				7A3B2D8311EC9DC400A01E01 /* MVLCMovieGridViewCellPosterPlaceholder.png */,
				7A350AA111EB7E2300B80E7C /* MVLCMovieListBackground.jpg */,
			);
			name = "Movie list view";
			sourceTree = "<group>";
		};
		7A4BA1D311EB737B0056579C /* AQGridView */ = {
			isa = PBXGroup;
			children = (
				7A4BA1D411EB737B0056579C /* Classes */,
				7A4BA1EC11EB737B0056579C /* Resources */,
			);
			path = AQGridView;
			sourceTree = "<group>";
		};
		7A4BA1D411EB737B0056579C /* Classes */ = {
			isa = PBXGroup;
			children = (
				7A4BA1D511EB737B0056579C /* AQGridView+CellLayout.h */,
				7A4BA1D611EB737B0056579C /* AQGridView+CellLocationDelegation.h */,
				7A4BA1D711EB737B0056579C /* AQGridView.h */,
				7A4BA1D811EB737B0056579C /* AQGridView.m */,
				7A4BA1D911EB737B0056579C /* AQGridViewAnimatorItem.h */,
				7A4BA1DA11EB737B0056579C /* AQGridViewAnimatorItem.m */,
				7A4BA1DB11EB737B0056579C /* AQGridViewCell+AQGridViewCellPrivate.h */,
				7A4BA1DC11EB737B0056579C /* AQGridViewCell.h */,
				7A4BA1DD11EB737B0056579C /* AQGridViewCell.m */,
				7A4BA1DE11EB737B0056579C /* AQGridViewController.h */,
				7A4BA1DF11EB737B0056579C /* AQGridViewController.m */,
				7A4BA1E011EB737B0056579C /* AQGridViewData.h */,
				7A4BA1E111EB737B0056579C /* AQGridViewData.m */,
				7A4BA1E211EB737B0056579C /* AQGridViewUpdateInfo.h */,
				7A4BA1E311EB737B0056579C /* AQGridViewUpdateInfo.m */,
				7A4BA1E411EB737B0056579C /* AQGridViewUpdateItem.h */,
				7A4BA1E511EB737B0056579C /* AQGridViewUpdateItem.m */,
				7A4BA1E611EB737B0056579C /* NSIndexSet+AQIndexesOutsideSet.h */,
				7A4BA1E711EB737B0056579C /* NSIndexSet+AQIndexesOutsideSet.m */,
				7A4BA1E811EB737B0056579C /* NSIndexSet+AQIsSetContiguous.h */,
				7A4BA1E911EB737B0056579C /* NSIndexSet+AQIsSetContiguous.m */,
				7A4BA1EA11EB737B0056579C /* UIColor+AQGridView.h */,
				7A4BA1EB11EB737B0056579C /* UIColor+AQGridView.m */,
			);
			path = Classes;
			sourceTree = "<group>";
		};
		7A4BA1EC11EB737B0056579C /* Resources */ = {
			isa = PBXGroup;
			children = (
				7A4BA1ED11EB737B0056579C /* AQGridSelection.png */,
				7A4BA1EE11EB737B0056579C /* AQGridSelectionGray.png */,
				7A4BA1EF11EB737B0056579C /* AQGridSelectionGrayBlue.png */,
				7A4BA1F011EB737B0056579C /* AQGridSelectionGreen.png */,
				7A4BA1F111EB737B0056579C /* AQGridSelectionRed.png */,
			);
			path = Resources;
			sourceTree = "<group>";
		};
		7A5ECB7611DE96C400F66AF3 /* External */ = {
			isa = PBXGroup;
			children = (
				63D66B4B11EFACCC00673287 /* SDWebImage */,
				631865D911EE3CAD00AB038D /* MobileMediaLibraryKit */,
				7A4BA1D311EB737B0056579C /* AQGridView */,
				7A5ECB7711DE96C400F66AF3 /* MobileVLCKit */,
			);
			path = External;
			sourceTree = "<group>";
		};
		7A5ECB7711DE96C400F66AF3 /* MobileVLCKit */ = {
			isa = PBXGroup;
			children = (
				7A5ECB9311DE973100F66AF3 /* include */,
				7A5ECB7F11DE96C400F66AF3 /* libMobileVLCKit.a */,
			);
			path = MobileVLCKit;
			sourceTree = "<group>";
		};
		7A5ECB9311DE973100F66AF3 /* include */ = {
			isa = PBXGroup;
			children = (
				7A5ECB9411DE973100F66AF3 /* MobileVLCKit */,
			);
			path = include;
			sourceTree = "<group>";
		};
		7A5ECB9411DE973100F66AF3 /* MobileVLCKit */ = {
			isa = PBXGroup;
			children = (
				7A5ECBA211DE977A00F66AF3 /* MobileVLCKit.h */,
				7A5ECB9511DE973100F66AF3 /* VLCAudio.h */,
				7A5ECB9611DE973100F66AF3 /* VLCLibrary.h */,
				7A5ECB9711DE973100F66AF3 /* VLCMedia.h */,
				7A5ECB9811DE973100F66AF3 /* VLCMediaList.h */,
				7A5ECB9911DE973100F66AF3 /* VLCMediaPlayer.h */,
				7A5ECB9A11DE973100F66AF3 /* VLCTime.h */,
			);
			path = MobileVLCKit;
			sourceTree = "<group>";
		};
		7AB2BD4C11E489A0002E543F /* XIB */ = {
			isa = PBXGroup;
			children = (
				7A87ECAB11E3A1DD007BE827 /* MVLCMainWindow.xib */,
				7A350A9A11EB7D7F00B80E7C /* MVLCMovieListView.xib */,
				7A3B2C2D11EC877000A01E01 /* MVLCMovieGridViewCell.xib */,
				7A87ECD911E3A356007BE827 /* MVLCMovieView.xib */,
			);
			name = XIB;
			sourceTree = "<group>";
		};
		7AB2BD4D11E489A6002E543F /* Pictures */ = {
			isa = PBXGroup;
			children = (
				7AF667D911E61BA300BC5F19 /* MVLCIcon.png */,
				7A350AA011EB7E1800B80E7C /* Movie list view */,
				7A350A9F11EB7E1000B80E7C /* Movie view */,
			);
			name = Pictures;
			sourceTree = "<group>";
		};
/* End PBXGroup section */

/* Begin PBXNativeTarget section */
		1D6058900D05DD3D006BFB54 /* MobileVLC */ = {
			isa = PBXNativeTarget;
			buildConfigurationList = 1D6058960D05DD3E006BFB54 /* Build configuration list for PBXNativeTarget "MobileVLC" */;
			buildPhases = (
				1D60588D0D05DD3D006BFB54 /* Resources */,
				1D60588E0D05DD3D006BFB54 /* Sources */,
				1D60588F0D05DD3D006BFB54 /* Frameworks */,
			);
			buildRules = (
			);
			dependencies = (
			);
			name = MobileVLC;
			productName = MobileVLC;
			productReference = 1D6058910D05DD3D006BFB54 /* VLC.app */;
			productType = "com.apple.product-type.application";
		};
/* End PBXNativeTarget section */

/* Begin PBXProject section */
		29B97313FDCFA39411CA2CEA /* Project object */ = {
			isa = PBXProject;
			buildConfigurationList = C01FCF4E08A954540054247B /* Build configuration list for PBXProject "MobileVLC" */;
			compatibilityVersion = "Xcode 3.2";
			hasScannedForEncodings = 1;
			knownRegions = (
				English,
				Japanese,
				French,
				German,
				en,
			);
			mainGroup = 29B97314FDCFA39411CA2CEA /* CustomTemplate */;
			projectDirPath = "";
			projectRoot = "";
			targets = (
				1D6058900D05DD3D006BFB54 /* MobileVLC */,
			);
		};
/* End PBXProject section */

/* Begin PBXResourcesBuildPhase section */
		1D60588D0D05DD3D006BFB54 /* Resources */ = {
			isa = PBXResourcesBuildPhase;
			buildActionMask = 2147483647;
			files = (
				7A4BA20311EB73F30056579C /* AQGridSelection.png in Resources */,
				7A4BA20411EB73F30056579C /* AQGridSelectionGray.png in Resources */,
				7A4BA20511EB73F30056579C /* AQGridSelectionGrayBlue.png in Resources */,
				7A4BA20611EB73F30056579C /* AQGridSelectionGreen.png in Resources */,
				7A4BA20711EB73F30056579C /* AQGridSelectionRed.png in Resources */,
				7A87ECAC11E3A1DD007BE827 /* MVLCMainWindow.xib in Resources */,
				7A87ECDA11E3A356007BE827 /* MVLCMovieView.xib in Resources */,
				7AB2BD5311E48A81002E543F /* MVLCMovieViewHUDBackground.png in Resources */,
				7AB2BD5411E48A81002E543F /* MVLCMovieViewHUDFastForward.png in Resources */,
				7AB2BD5511E48A81002E543F /* MVLCMovieViewHUDPlay.png in Resources */,
				7AB2BD5611E48A81002E543F /* MVLCMovieViewHUDRewind.png in Resources */,
				7AB2BD6B11E48D80002E543F /* MVLCMovieViewHUDPause.png in Resources */,
				7AF667DA11E61BA300BC5F19 /* MVLCIcon.png in Resources */,
				7A350A9B11EB7D7F00B80E7C /* MVLCMovieListView.xib in Resources */,
				7A350AA211EB7E2300B80E7C /* MVLCMovieListBackground.jpg in Resources */,
				7A3B2C2E11EC877000A01E01 /* MVLCMovieGridViewCell.xib in Resources */,
				7A3B2D8411EC9DC400A01E01 /* MVLCMovieGridViewCellPosterPlaceholder.png in Resources */,
				63D66B6711EFACCC00673287 /* LICENSE in Resources */,
				63D66B6811EFACCC00673287 /* README.md in Resources */,
			);
			runOnlyForDeploymentPostprocessing = 0;
		};
/* End PBXResourcesBuildPhase section */

/* Begin PBXSourcesBuildPhase section */
		1D60588E0D05DD3D006BFB54 /* Sources */ = {
			isa = PBXSourcesBuildPhase;
			buildActionMask = 2147483647;
			files = (
				1D60589B0D05DD56006BFB54 /* main.m in Sources */,
				1D3623260D0F684500981E51 /* MobileVLCAppDelegate.m in Sources */,
				7A87ECD611E3A33E007BE827 /* MVLCMovieViewController.m in Sources */,
				7A4BA1F911EB73EC0056579C /* AQGridView.m in Sources */,
				7A4BA1FA11EB73EC0056579C /* AQGridViewAnimatorItem.m in Sources */,
				7A4BA1FB11EB73EC0056579C /* AQGridViewCell.m in Sources */,
				7A4BA1FC11EB73EC0056579C /* AQGridViewController.m in Sources */,
				7A4BA1FD11EB73EC0056579C /* AQGridViewData.m in Sources */,
				7A4BA1FE11EB73EC0056579C /* AQGridViewUpdateInfo.m in Sources */,
				7A4BA1FF11EB73EC0056579C /* AQGridViewUpdateItem.m in Sources */,
				7A4BA20011EB73EC0056579C /* NSIndexSet+AQIndexesOutsideSet.m in Sources */,
				7A4BA20111EB73EC0056579C /* NSIndexSet+AQIsSetContiguous.m in Sources */,
				7A4BA20211EB73EC0056579C /* UIColor+AQGridView.m in Sources */,
				7A4BA21911EB74810056579C /* MVLCMovieListViewController.m in Sources */,
				7A350AFE11EB83B400B80E7C /* MVLCMovieGridViewCell.m in Sources */,
				6318675A11EE50B000AB038D /* MediaLibrary.xcdatamodel in Sources */,
				63D66B6911EFACCC00673287 /* SDImageCache.m in Sources */,
				63D66B6A11EFACCC00673287 /* SDWebImageDownloader.m in Sources */,
				63D66B6B11EFACCC00673287 /* SDWebImageManager.m in Sources */,
				63D66B6C11EFACCC00673287 /* UIImageView+WebCache.m in Sources */,
			);
			runOnlyForDeploymentPostprocessing = 0;
		};
/* End PBXSourcesBuildPhase section */

/* Begin XCBuildConfiguration section */
		1D6058940D05DD3E006BFB54 /* Debug */ = {
			isa = XCBuildConfiguration;
			buildSettings = {
				ALWAYS_SEARCH_USER_PATHS = NO;
				COPY_PHASE_STRIP = NO;
				GCC_DYNAMIC_NO_PIC = NO;
				GCC_OPTIMIZATION_LEVEL = 0;
				GCC_PRECOMPILE_PREFIX_HEADER = YES;
				GCC_PREFIX_HEADER = MobileVLC_Prefix.pch;
				GCC_PREPROCESSOR_DEFINITIONS = "DEBUG=1";
				HEADER_SEARCH_PATHS = "$(SRCROOT)/External/MobileVLCKit/include";
				INFOPLIST_FILE = "MobileVLC-Info.plist";
				LIBRARY_SEARCH_PATHS = (
					"$(inherited)",
					"\"$(SRCROOT)/External/MobileVLCKit\"",
					"\"$(SRCROOT)/../../build/Debug-iphonesimulator\"",
				);
				OTHER_LDFLAGS = "";
				PRODUCT_NAME = VLC;
			};
			name = Debug;
		};
		1D6058950D05DD3E006BFB54 /* Release */ = {
			isa = XCBuildConfiguration;
			buildSettings = {
				ALWAYS_SEARCH_USER_PATHS = NO;
				COPY_PHASE_STRIP = YES;
				GCC_PRECOMPILE_PREFIX_HEADER = YES;
				GCC_PREFIX_HEADER = MobileVLC_Prefix.pch;
				HEADER_SEARCH_PATHS = "$(SRCROOT)/External/MobileVLCKit/include";
				INFOPLIST_FILE = "MobileVLC-Info.plist";
				LIBRARY_SEARCH_PATHS = (
					"$(inherited)",
					"\"$(SRCROOT)/External/MobileVLCKit\"",
					"\"$(SRCROOT)/../../build/Debug-iphonesimulator\"",
				);
				OTHER_LDFLAGS = "";
				PRODUCT_NAME = VLC;
				VALIDATE_PRODUCT = YES;
			};
			name = Release;
		};
		C01FCF4F08A954540054247B /* Debug */ = {
			isa = XCBuildConfiguration;
			buildSettings = {
				"ARCHS[sdk=iphoneos*]" = armv7;
				"ARCHS[sdk=iphonesimulator*]" = i386;
				"CODE_SIGN_IDENTITY[sdk=iphoneos*]" = "iPhone Developer";
				GCC_C_LANGUAGE_STANDARD = c99;
				GCC_WARN_ABOUT_RETURN_TYPE = YES;
				GCC_WARN_UNUSED_VARIABLE = YES;
				PREBINDING = NO;
				SDKROOT = iphonesimulator3.2;
				TARGETED_DEVICE_FAMILY = 2;
			};
			name = Debug;
		};
		C01FCF5008A954540054247B /* Release */ = {
			isa = XCBuildConfiguration;
			buildSettings = {
				"ARCHS[sdk=iphoneos*]" = armv7;
				"ARCHS[sdk=iphonesimulator*]" = i386;
				"CODE_SIGN_IDENTITY[sdk=iphoneos*]" = "iPhone Developer";
				GCC_C_LANGUAGE_STANDARD = c99;
				GCC_WARN_ABOUT_RETURN_TYPE = YES;
				GCC_WARN_UNUSED_VARIABLE = YES;
				OTHER_CFLAGS = "-DNS_BLOCK_ASSERTIONS=1";
				PREBINDING = NO;
				SDKROOT = iphonesimulator3.2;
				TARGETED_DEVICE_FAMILY = 2;
			};
			name = Release;
		};
/* End XCBuildConfiguration section */

/* Begin XCConfigurationList section */
		1D6058960D05DD3E006BFB54 /* Build configuration list for PBXNativeTarget "MobileVLC" */ = {
			isa = XCConfigurationList;
			buildConfigurations = (
				1D6058940D05DD3E006BFB54 /* Debug */,
				1D6058950D05DD3E006BFB54 /* Release */,
			);
			defaultConfigurationIsVisible = 0;
			defaultConfigurationName = Release;
		};
		C01FCF4E08A954540054247B /* Build configuration list for PBXProject "MobileVLC" */ = {
			isa = XCConfigurationList;
			buildConfigurations = (
				C01FCF4F08A954540054247B /* Debug */,
				C01FCF5008A954540054247B /* Release */,
			);
			defaultConfigurationIsVisible = 0;
			defaultConfigurationName = Release;
		};
/* End XCConfigurationList section */
	};
	rootObject = 29B97313FDCFA39411CA2CEA /* Project object */;
}
